
Microsoft Visual Studio Solution File, Format Version 12.00
# Visual Studio Version 17
VisualStudioVersion = 17.5.33516.290
MinimumVisualStudioVersion = 10.0.40219.1
Project("{FAE04EC0-301F-11D3-BF4B-00C04F79EFBC}") = "Text_Reader", "Text_Reader\Text_Reader.csproj", "{099E5B78-8D1E-4DFE-8335-1D2FE441113F}"
EndProject
Global
	GlobalSection(SolutionConfigurationPlatforms) = preSolution
		Debug|Any CPU = Debug|Any CPU
		Release|Any CPU = Release|Any CPU
	EndGlobalSection
	GlobalSection(ProjectConfigurationPlatforms) = postSolution
		{099E5B78-8D1E-4DFE-8335-1D2FE441113F}.Debug|Any CPU.ActiveCfg = Debug|Any CPU
		{099E5B78-8D1E-4DFE-8335-1D2FE441113F}.Debug|Any CPU.Build.0 = Debug|Any CPU
		{099E5B78-8D1E-4DFE-8335-1D2FE441113F}.Release|Any CPU.ActiveCfg = Release|Any CPU
		{099E5B78-8D1E-4DFE-8335-1D2FE441113F}.Release|Any CPU.Build.0 = Release|Any CPU
	EndGlobalSection
	GlobalSection(SolutionProperties) = preSolution
		HideSolutionNode = FALSE
	EndGlobalSection
	GlobalSection(ExtensibilityGlobals) = postSolution
		SolutionGuid = {DE05FBDE-30DF-44F8-818E-A0AE3DAB0276}
	EndGlobalSection
EndGlobal
